
Microsoft Visual Studio Solution File, Format Version 12.00
# Visual Studio Version 16
VisualStudioVersion = 16.0.31624.102
MinimumVisualStudioVersion = 10.0.40219.1
Project("{FAE04EC0-301F-11D3-BF4B-00C04F79EFBC}") = "DotNETCore_API_Documentation_Swagger", "DotNETCore_API_Documentation_Swagger.csproj", "{CE2A576A-C35F-45CA-BE8B-87D7216A691C}"
EndProject
Global
	GlobalSection(SolutionConfigurationPlatforms) = preSolution
		Debug|Any CPU = Debug|Any CPU
		Release|Any CPU = Release|Any CPU
	EndGlobalSection
	GlobalSection(ProjectConfigurationPlatforms) = postSolution
		{CE2A576A-C35F-45CA-BE8B-87D7216A691C}.Debug|Any CPU.ActiveCfg = Debug|Any CPU
		{CE2A576A-C35F-45CA-BE8B-87D7216A691C}.Debug|Any CPU.Build.0 = Debug|Any CPU
		{CE2A576A-C35F-45CA-BE8B-87D7216A691C}.Release|Any CPU.ActiveCfg = Release|Any CPU
		{CE2A576A-C35F-45CA-BE8B-87D7216A691C}.Release|Any CPU.Build.0 = Release|Any CPU
	EndGlobalSection
	GlobalSection(SolutionProperties) = preSolution
		HideSolutionNode = FALSE
	EndGlobalSection
	GlobalSection(ExtensibilityGlobals) = postSolution
		SolutionGuid = {872EF340-6640-4DB0-950E-0DCBF44CC04D}
	EndGlobalSection
EndGlobal
